
Microsoft Visual Studio Solution File, Format Version 12.00
# Visual Studio Version 17
VisualStudioVersion = 17.0.31903.59
MinimumVisualStudioVersion = 10.0.40219.1
Project("{FAE04EC0-301F-11D3-BF4B-00C04F79EFBC}") = "BurgerIAM.Shared", "src\BurgerIAM.Shared\BurgerIAM.Shared.csproj", "{A1B2C3D4-E5F6-7890-ABCD-EF1234567890}"
EndProject
Project("{FAE04EC0-301F-11D3-BF4B-00C04F79EFBC}") = "BurgerIAM.EventBus", "src\BurgerIAM.EventBus\BurgerIAM.EventBus.csproj", "{B2C3D4E5-F6A7-8901-BCDE-F12345678901}"
EndProject
Project("{2150E333-8FDC-42A3-9474-1A3956D46DE8}") = "tests", "tests", "{0AB3BF05-4346-4AA6-1389-037BE0695223}"
EndProject
Project("{FAE04EC0-301F-11D3-BF4B-00C04F79EFBC}") = "BurgerIAM.Shared.Tests", "tests\BurgerIAM.Shared.Tests\BurgerIAM.Shared.Tests.csproj", "{9CD9C3AA-9D4B-41E4-8BC4-20D68BFD41B1}"
EndProject
Project("{2150E333-8FDC-42A3-9474-1A3956D46DE8}") = "src", "src", "{827E0CD3-B72D-47B6-A68D-7590B98EB39B}"
EndProject
Project("{FAE04EC0-301F-11D3-BF4B-00C04F79EFBC}") = "BurgerIAM.EventBus.Tests", "tests\BurgerIAM.EventBus.Tests\BurgerIAM.EventBus.Tests.csproj", "{5F677640-BD45-4A4B-9D6E-B83498EA921A}"
EndProject
Project("{FAE04EC0-301F-11D3-BF4B-00C04F79EFBC}") = "IdentityService", "src\IdentityService\IdentityService.csproj", "{CF7D2F78-396B-46A2-B744-F858F93E08F2}"
EndProject
Project("{FAE04EC0-301F-11D3-BF4B-00C04F79EFBC}") = "MenuService", "src\MenuService\MenuService.csproj", "{D379CF3A-8937-418A-819B-814B8209FCFB}"
EndProject
Project("{FAE04EC0-301F-11D3-BF4B-00C04F79EFBC}") = "IdentityService.Tests", "tests\IdentityService.Tests\IdentityService.Tests.csproj", "{49233A00-FE66-4164-BED0-7356B601F384}"
EndProject
Project("{FAE04EC0-301F-11D3-BF4B-00C04F79EFBC}") = "MenuService.Tests", "tests\MenuService.Tests\MenuService.Tests.csproj", "{704D6FA1-C5B3-47B1-AE02-2F19A8D1ACC1}"
EndProject
Project("{FAE04EC0-301F-11D3-BF4B-00C04F79EFBC}") = "BurgerIAM.TestUtilities", "tests\BurgerIAM.TestUtilities\BurgerIAM.TestUtilities.csproj", "{F224DBF6-03A5-47A1-85DE-EACCA85965E3}"
EndProject
Project("{FAE04EC0-301F-11D3-BF4B-00C04F79EFBC}") = "Integration.Tests", "tests\Integration.Tests\Integration.Tests.csproj", "{9F6045CA-CF2B-4192-912D-2B8A7A5107C9}"
EndProject
Project("{FAE04EC0-301F-11D3-BF4B-00C04F79EFBC}") = "OrderService", "src\OrderService\OrderService.csproj", "{A1CA3C68-0029-4E73-93C8-7A6FABA3822A}"
EndProject
Project("{FAE04EC0-301F-11D3-BF4B-00C04F79EFBC}") = "PaymentService", "src\PaymentService\PaymentService.csproj", "{650C14BB-D0C2-4FF0-B087-4D5317DD09FF}"
EndProject
Project("{FAE04EC0-301F-11D3-BF4B-00C04F79EFBC}") = "OrderService.Tests", "tests\OrderService.Tests\OrderService.Tests.csproj", "{1B23BCF8-A8DF-4D44-B53C-93A6DA015008}"
EndProject
Project("{FAE04EC0-301F-11D3-BF4B-00C04F79EFBC}") = "PaymentService.Tests", "tests\PaymentService.Tests\PaymentService.Tests.csproj", "{D8548CC2-5DA8-4745-96A4-BE48F41AF801}"
EndProject
Project("{FAE04EC0-301F-11D3-BF4B-00C04F79EFBC}") = "KitchenService", "src\KitchenService\KitchenService.csproj", "{E1F2A3B4-C5D6-7E8F-9A0B-C1D2E3F4A5B6}"
EndProject
Project("{FAE04EC0-301F-11D3-BF4B-00C04F79EFBC}") = "DeliveryService", "src\DeliveryService\DeliveryService.csproj", "{F2A3B4C5-D6E7-8F9A-0B1C-2D3E4F5A6B7C}"
EndProject
Project("{FAE04EC0-301F-11D3-BF4B-00C04F79EFBC}") = "KitchenService.Tests", "tests\KitchenService.Tests\KitchenService.Tests.csproj", "{A3B4C5D6-E7F8-9A0B-1C2D-3E4F5A6B7C8D}"
EndProject
Project("{FAE04EC0-301F-11D3-BF4B-00C04F79EFBC}") = "DeliveryService.Tests", "tests\DeliveryService.Tests\DeliveryService.Tests.csproj", "{B4C5D6E7-F8A9-0B1C-2D3E-4F5A6B7C8D9E}"
EndProject
Project("{FAE04EC0-301F-11D3-BF4B-00C04F79EFBC}") = "FeedbackService.Tests", "tests\FeedbackService.Tests\FeedbackService.Tests.csproj", "{2E9DD692-646F-4619-916D-9CDEF15E00FC}"
EndProject
Project("{FAE04EC0-301F-11D3-BF4B-00C04F79EFBC}") = "FeedbackService", "src\FeedbackService\FeedbackService.csproj", "{CD2B4311-EA90-4C63-A089-84EF6D76FC72}"
EndProject
Project("{FAE04EC0-301F-11D3-BF4B-00C04F79EFBC}") = "NotificationService", "src\NotificationService\NotificationService.csproj", "{4F605758-A30C-4788-9D45-C319EE533118}"
EndProject
Project("{FAE04EC0-301F-11D3-BF4B-00C04F79EFBC}") = "NotificationService.Tests", "tests\NotificationService.Tests\NotificationService.Tests.csproj", "{5960CB5E-1A66-4436-9DA4-8F0BD1FC0B25}"
EndProject
Project("{FAE04EC0-301F-11D3-BF4B-00C04F79EFBC}") = "ReceiptService", "src\ReceiptService\ReceiptService.csproj", "{8A0698E2-1F91-4F8E-9862-7027E867729F}"
EndProject
Project("{FAE04EC0-301F-11D3-BF4B-00C04F79EFBC}") = "ReceiptService.Tests", "tests\ReceiptService.Tests\ReceiptService.Tests.csproj", "{16B9FE33-21A8-4E21-83DB-4D3C8324A50D}"
EndProject
Project("{FAE04EC0-301F-11D3-BF4B-00C04F79EFBC}") = "WasmFrontend", "src\WasmFrontend\WasmFrontend.csproj", "{31B9CF52-99CF-4B34-975C-FFD8ABF65D07}"
EndProject
Project("{FAE04EC0-301F-11D3-BF4B-00C04F79EFBC}") = "WasmFrontend.Tests", "tests\WasmFrontend.Tests\WasmFrontend.Tests.csproj", "{02C4EF15-5FD3-4111-9D03-C3990CBE51FD}"
EndProject
Project("{FAE04EC0-301F-11D3-BF4B-00C04F79EFBC}") = "ApiGateway", "src\ApiGateway\ApiGateway.csproj", "{1799F286-4710-4D4C-9E2E-5705C864472A}"
EndProject
Project("{FAE04EC0-301F-11D3-BF4B-00C04F79EFBC}") = "ApiGateway.Tests", "tests\ApiGateway.Tests\ApiGateway.Tests.csproj", "{5F2E513F-03D6-4682-BF48-30F4757EDE09}"
EndProject
Global
	GlobalSection(SolutionConfigurationPlatforms) = preSolution
		Debug|Any CPU = Debug|Any CPU
		Debug|x64 = Debug|x64
		Debug|x86 = Debug|x86
		Release|Any CPU = Release|Any CPU
		Release|x64 = Release|x64
		Release|x86 = Release|x86
	EndGlobalSection
	GlobalSection(ProjectConfigurationPlatforms) = postSolution
		{A1B2C3D4-E5F6-7890-ABCD-EF1234567890}.Debug|Any CPU.ActiveCfg = Debug|Any CPU
		{A1B2C3D4-E5F6-7890-ABCD-EF1234567890}.Debug|Any CPU.Build.0 = Debug|Any CPU
		{A1B2C3D4-E5F6-7890-ABCD-EF1234567890}.Debug|x64.ActiveCfg = Debug|Any CPU
		{A1B2C3D4-E5F6-7890-ABCD-EF1234567890}.Debug|x64.Build.0 = Debug|Any CPU
		{A1B2C3D4-E5F6-7890-ABCD-EF1234567890}.Debug|x86.ActiveCfg = Debug|Any CPU
		{A1B2C3D4-E5F6-7890-ABCD-EF1234567890}.Debug|x86.Build.0 = Debug|Any CPU
		{A1B2C3D4-E5F6-7890-ABCD-EF1234567890}.Release|Any CPU.ActiveCfg = Release|Any CPU
		{A1B2C3D4-E5F6-7890-ABCD-EF1234567890}.Release|Any CPU.Build.0 = Release|Any CPU
		{A1B2C3D4-E5F6-7890-ABCD-EF1234567890}.Release|x64.ActiveCfg = Release|Any CPU
		{A1B2C3D4-E5F6-7890-ABCD-EF1234567890}.Release|x64.Build.0 = Release|Any CPU
		{A1B2C3D4-E5F6-7890-ABCD-EF1234567890}.Release|x86.ActiveCfg = Release|Any CPU
		{A1B2C3D4-E5F6-7890-ABCD-EF1234567890}.Release|x86.Build.0 = Release|Any CPU
		{B2C3D4E5-F6A7-8901-BCDE-F12345678901}.Debug|Any CPU.ActiveCfg = Debug|Any CPU
		{B2C3D4E5-F6A7-8901-BCDE-F12345678901}.Debug|Any CPU.Build.0 = Debug|Any CPU
		{B2C3D4E5-F6A7-8901-BCDE-F12345678901}.Debug|x64.ActiveCfg = Debug|Any CPU
		{B2C3D4E5-F6A7-8901-BCDE-F12345678901}.Debug|x64.Build.0 = Debug|Any CPU
		{B2C3D4E5-F6A7-8901-BCDE-F12345678901}.Debug|x86.ActiveCfg = Debug|Any CPU
		{B2C3D4E5-F6A7-8901-BCDE-F12345678901}.Debug|x86.Build.0 = Debug|Any CPU
		{B2C3D4E5-F6A7-8901-BCDE-F12345678901}.Release|Any CPU.ActiveCfg = Release|Any CPU
		{B2C3D4E5-F6A7-8901-BCDE-F12345678901}.Release|Any CPU.Build.0 = Release|Any CPU
		{B2C3D4E5-F6A7-8901-BCDE-F12345678901}.Release|x64.ActiveCfg = Release|Any CPU
		{B2C3D4E5-F6A7-8901-BCDE-F12345678901}.Release|x64.Build.0 = Release|Any CPU
		{B2C3D4E5-F6A7-8901-BCDE-F12345678901}.Release|x86.ActiveCfg = Release|Any CPU
		{B2C3D4E5-F6A7-8901-BCDE-F12345678901}.Release|x86.Build.0 = Release|Any CPU
		{9CD9C3AA-9D4B-41E4-8BC4-20D68BFD41B1}.Debug|Any CPU.ActiveCfg = Debug|Any CPU
		{9CD9C3AA-9D4B-41E4-8BC4-20D68BFD41B1}.Debug|Any CPU.Build.0 = Debug|Any CPU
		{9CD9C3AA-9D4B-41E4-8BC4-20D68BFD41B1}.Debug|x64.ActiveCfg = Debug|Any CPU
		{9CD9C3AA-9D4B-41E4-8BC4-20D68BFD41B1}.Debug|x64.Build.0 = Debug|Any CPU
		{9CD9C3AA-9D4B-41E4-8BC4-20D68BFD41B1}.Debug|x86.ActiveCfg = Debug|Any CPU
		{9CD9C3AA-9D4B-41E4-8BC4-20D68BFD41B1}.Debug|x86.Build.0 = Debug|Any CPU
		{9CD9C3AA-9D4B-41E4-8BC4-20D68BFD41B1}.Release|Any CPU.ActiveCfg = Release|Any CPU
		{9CD9C3AA-9D4B-41E4-8BC4-20D68BFD41B1}.Release|Any CPU.Build.0 = Release|Any CPU
		{9CD9C3AA-9D4B-41E4-8BC4-20D68BFD41B1}.Release|x64.ActiveCfg = Release|Any CPU
		{9CD9C3AA-9D4B-41E4-8BC4-20D68BFD41B1}.Release|x64.Build.0 = Release|Any CPU
		{9CD9C3AA-9D4B-41E4-8BC4-20D68BFD41B1}.Release|x86.ActiveCfg = Release|Any CPU
		{9CD9C3AA-9D4B-41E4-8BC4-20D68BFD41B1}.Release|x86.Build.0 = Release|Any CPU
		{5F677640-BD45-4A4B-9D6E-B83498EA921A}.Debug|Any CPU.ActiveCfg = Debug|Any CPU
		{5F677640-BD45-4A4B-9D6E-B83498EA921A}.Debug|Any CPU.Build.0 = Debug|Any CPU
		{5F677640-BD45-4A4B-9D6E-B83498EA921A}.Debug|x64.ActiveCfg = Debug|Any CPU
		{5F677640-BD45-4A4B-9D6E-B83498EA921A}.Debug|x64.Build.0 = Debug|Any CPU
		{5F677640-BD45-4A4B-9D6E-B83498EA921A}.Debug|x86.ActiveCfg = Debug|Any CPU
		{5F677640-BD45-4A4B-9D6E-B83498EA921A}.Debug|x86.Build.0 = Debug|Any CPU
		{5F677640-BD45-4A4B-9D6E-B83498EA921A}.Release|Any CPU.ActiveCfg = Release|Any CPU
		{5F677640-BD45-4A4B-9D6E-B83498EA921A}.Release|Any CPU.Build.0 = Release|Any CPU
		{5F677640-BD45-4A4B-9D6E-B83498EA921A}.Release|x64.ActiveCfg = Release|Any CPU
		{5F677640-BD45-4A4B-9D6E-B83498EA921A}.Release|x64.Build.0 = Release|Any CPU
		{5F677640-BD45-4A4B-9D6E-B83498EA921A}.Release|x86.ActiveCfg = Release|Any CPU
		{5F677640-BD45-4A4B-9D6E-B83498EA921A}.Release|x86.Build.0 = Release|Any CPU
		{CF7D2F78-396B-46A2-B744-F858F93E08F2}.Debug|Any CPU.ActiveCfg = Debug|Any CPU
		{CF7D2F78-396B-46A2-B744-F858F93E08F2}.Debug|Any CPU.Build.0 = Debug|Any CPU
		{CF7D2F78-396B-46A2-B744-F858F93E08F2}.Debug|x64.ActiveCfg = Debug|Any CPU
		{CF7D2F78-396B-46A2-B744-F858F93E08F2}.Debug|x64.Build.0 = Debug|Any CPU
		{CF7D2F78-396B-46A2-B744-F858F93E08F2}.Debug|x86.ActiveCfg = Debug|Any CPU
		{CF7D2F78-396B-46A2-B744-F858F93E08F2}.Debug|x86.Build.0 = Debug|Any CPU
		{CF7D2F78-396B-46A2-B744-F858F93E08F2}.Release|Any CPU.ActiveCfg = Release|Any CPU
		{CF7D2F78-396B-46A2-B744-F858F93E08F2}.Release|Any CPU.Build.0 = Release|Any CPU
		{CF7D2F78-396B-46A2-B744-F858F93E08F2}.Release|x64.ActiveCfg = Release|Any CPU
		{CF7D2F78-396B-46A2-B744-F858F93E08F2}.Release|x64.Build.0 = Release|Any CPU
		{CF7D2F78-396B-46A2-B744-F858F93E08F2}.Release|x86.ActiveCfg = Release|Any CPU
		{CF7D2F78-396B-46A2-B744-F858F93E08F2}.Release|x86.Build.0 = Release|Any CPU
		{D379CF3A-8937-418A-819B-814B8209FCFB}.Debug|Any CPU.ActiveCfg = Debug|Any CPU
		{D379CF3A-8937-418A-819B-814B8209FCFB}.Debug|Any CPU.Build.0 = Debug|Any CPU
		{D379CF3A-8937-418A-819B-814B8209FCFB}.Debug|x64.ActiveCfg = Debug|Any CPU
		{D379CF3A-8937-418A-819B-814B8209FCFB}.Debug|x64.Build.0 = Debug|Any CPU
		{D379CF3A-8937-418A-819B-814B8209FCFB}.Debug|x86.ActiveCfg = Debug|Any CPU
		{D379CF3A-8937-418A-819B-814B8209FCFB}.Debug|x86.Build.0 = Debug|Any CPU
		{D379CF3A-8937-418A-819B-814B8209FCFB}.Release|Any CPU.ActiveCfg = Release|Any CPU
		{D379CF3A-8937-418A-819B-814B8209FCFB}.Release|Any CPU.Build.0 = Release|Any CPU
		{D379CF3A-8937-418A-819B-814B8209FCFB}.Release|x64.ActiveCfg = Release|Any CPU
		{D379CF3A-8937-418A-819B-814B8209FCFB}.Release|x64.Build.0 = Release|Any CPU
		{D379CF3A-8937-418A-819B-814B8209FCFB}.Release|x86.ActiveCfg = Release|Any CPU
		{D379CF3A-8937-418A-819B-814B8209FCFB}.Release|x86.Build.0 = Release|Any CPU
		{49233A00-FE66-4164-BED0-7356B601F384}.Debug|Any CPU.ActiveCfg = Debug|Any CPU
		{49233A00-FE66-4164-BED0-7356B601F384}.Debug|Any CPU.Build.0 = Debug|Any CPU
		{49233A00-FE66-4164-BED0-7356B601F384}.Debug|x64.ActiveCfg = Debug|Any CPU
		{49233A00-FE66-4164-BED0-7356B601F384}.Debug|x64.Build.0 = Debug|Any CPU
		{49233A00-FE66-4164-BED0-7356B601F384}.Debug|x86.ActiveCfg = Debug|Any CPU
		{49233A00-FE66-4164-BED0-7356B601F384}.Debug|x86.Build.0 = Debug|Any CPU
		{49233A00-FE66-4164-BED0-7356B601F384}.Release|Any CPU.ActiveCfg = Release|Any CPU
		{49233A00-FE66-4164-BED0-7356B601F384}.Release|Any CPU.Build.0 = Release|Any CPU
		{49233A00-FE66-4164-BED0-7356B601F384}.Release|x64.ActiveCfg = Release|Any CPU
		{49233A00-FE66-4164-BED0-7356B601F384}.Release|x64.Build.0 = Release|Any CPU
		{49233A00-FE66-4164-BED0-7356B601F384}.Release|x86.ActiveCfg = Release|Any CPU
		{49233A00-FE66-4164-BED0-7356B601F384}.Release|x86.Build.0 = Release|Any CPU
		{704D6FA1-C5B3-47B1-AE02-2F19A8D1ACC1}.Debug|Any CPU.ActiveCfg = Debug|Any CPU
		{704D6FA1-C5B3-47B1-AE02-2F19A8D1ACC1}.Debug|Any CPU.Build.0 = Debug|Any CPU
		{704D6FA1-C5B3-47B1-AE02-2F19A8D1ACC1}.Debug|x64.ActiveCfg = Debug|Any CPU
		{704D6FA1-C5B3-47B1-AE02-2F19A8D1ACC1}.Debug|x64.Build.0 = Debug|Any CPU
		{704D6FA1-C5B3-47B1-AE02-2F19A8D1ACC1}.Debug|x86.ActiveCfg = Debug|Any CPU
		{704D6FA1-C5B3-47B1-AE02-2F19A8D1ACC1}.Debug|x86.Build.0 = Debug|Any CPU
		{704D6FA1-C5B3-47B1-AE02-2F19A8D1ACC1}.Release|Any CPU.ActiveCfg = Release|Any CPU
		{704D6FA1-C5B3-47B1-AE02-2F19A8D1ACC1}.Release|Any CPU.Build.0 = Release|Any CPU
		{704D6FA1-C5B3-47B1-AE02-2F19A8D1ACC1}.Release|x64.ActiveCfg = Release|Any CPU
		{704D6FA1-C5B3-47B1-AE02-2F19A8D1ACC1}.Release|x64.Build.0 = Release|Any CPU
		{704D6FA1-C5B3-47B1-AE02-2F19A8D1ACC1}.Release|x86.ActiveCfg = Release|Any CPU
		{704D6FA1-C5B3-47B1-AE02-2F19A8D1ACC1}.Release|x86.Build.0 = Release|Any CPU
		{F224DBF6-03A5-47A1-85DE-EACCA85965E3}.Debug|Any CPU.ActiveCfg = Debug|Any CPU
		{F224DBF6-03A5-47A1-85DE-EACCA85965E3}.Debug|Any CPU.Build.0 = Debug|Any CPU
		{F224DBF6-03A5-47A1-85DE-EACCA85965E3}.Debug|x64.ActiveCfg = Debug|Any CPU
		{F224DBF6-03A5-47A1-85DE-EACCA85965E3}.Debug|x64.Build.0 = Debug|Any CPU
		{F224DBF6-03A5-47A1-85DE-EACCA85965E3}.Debug|x86.ActiveCfg = Debug|Any CPU
		{F224DBF6-03A5-47A1-85DE-EACCA85965E3}.Debug|x86.Build.0 = Debug|Any CPU
		{F224DBF6-03A5-47A1-85DE-EACCA85965E3}.Release|Any CPU.ActiveCfg = Release|Any CPU
		{F224DBF6-03A5-47A1-85DE-EACCA85965E3}.Release|Any CPU.Build.0 = Release|Any CPU
		{F224DBF6-03A5-47A1-85DE-EACCA85965E3}.Release|x64.ActiveCfg = Release|Any CPU
		{F224DBF6-03A5-47A1-85DE-EACCA85965E3}.Release|x64.Build.0 = Release|Any CPU
		{F224DBF6-03A5-47A1-85DE-EACCA85965E3}.Release|x86.ActiveCfg = Release|Any CPU
		{F224DBF6-03A5-47A1-85DE-EACCA85965E3}.Release|x86.Build.0 = Release|Any CPU
		{9F6045CA-CF2B-4192-912D-2B8A7A5107C9}.Debug|Any CPU.ActiveCfg = Debug|Any CPU
		{9F6045CA-CF2B-4192-912D-2B8A7A5107C9}.Debug|Any CPU.Build.0 = Debug|Any CPU
		{9F6045CA-CF2B-4192-912D-2B8A7A5107C9}.Debug|x64.ActiveCfg = Debug|Any CPU
		{9F6045CA-CF2B-4192-912D-2B8A7A5107C9}.Debug|x64.Build.0 = Debug|Any CPU
		{9F6045CA-CF2B-4192-912D-2B8A7A5107C9}.Debug|x86.ActiveCfg = Debug|Any CPU
		{9F6045CA-CF2B-4192-912D-2B8A7A5107C9}.Debug|x86.Build.0 = Debug|Any CPU
		{9F6045CA-CF2B-4192-912D-2B8A7A5107C9}.Release|Any CPU.ActiveCfg = Release|Any CPU
		{9F6045CA-CF2B-4192-912D-2B8A7A5107C9}.Release|Any CPU.Build.0 = Release|Any CPU
		{9F6045CA-CF2B-4192-912D-2B8A7A5107C9}.Release|x64.ActiveCfg = Release|Any CPU
		{9F6045CA-CF2B-4192-912D-2B8A7A5107C9}.Release|x64.Build.0 = Release|Any CPU
		{9F6045CA-CF2B-4192-912D-2B8A7A5107C9}.Release|x86.ActiveCfg = Release|Any CPU
		{9F6045CA-CF2B-4192-912D-2B8A7A5107C9}.Release|x86.Build.0 = Release|Any CPU
		{A1CA3C68-0029-4E73-93C8-7A6FABA3822A}.Debug|Any CPU.ActiveCfg = Debug|Any CPU
		{A1CA3C68-0029-4E73-93C8-7A6FABA3822A}.Debug|Any CPU.Build.0 = Debug|Any CPU
		{A1CA3C68-0029-4E73-93C8-7A6FABA3822A}.Debug|x64.ActiveCfg = Debug|Any CPU
		{A1CA3C68-0029-4E73-93C8-7A6FABA3822A}.Debug|x64.Build.0 = Debug|Any CPU
		{A1CA3C68-0029-4E73-93C8-7A6FABA3822A}.Debug|x86.ActiveCfg = Debug|Any CPU
		{A1CA3C68-0029-4E73-93C8-7A6FABA3822A}.Debug|x86.Build.0 = Debug|Any CPU
		{A1CA3C68-0029-4E73-93C8-7A6FABA3822A}.Release|Any CPU.ActiveCfg = Release|Any CPU
		{A1CA3C68-0029-4E73-93C8-7A6FABA3822A}.Release|Any CPU.Build.0 = Release|Any CPU
		{A1CA3C68-0029-4E73-93C8-7A6FABA3822A}.Release|x64.ActiveCfg = Release|Any CPU
		{A1CA3C68-0029-4E73-93C8-7A6FABA3822A}.Release|x64.Build.0 = Release|Any CPU
		{A1CA3C68-0029-4E73-93C8-7A6FABA3822A}.Release|x86.ActiveCfg = Release|Any CPU
		{A1CA3C68-0029-4E73-93C8-7A6FABA3822A}.Release|x86.Build.0 = Release|Any CPU
		{650C14BB-D0C2-4FF0-B087-4D5317DD09FF}.Debug|Any CPU.ActiveCfg = Debug|Any CPU
		{650C14BB-D0C2-4FF0-B087-4D5317DD09FF}.Debug|Any CPU.Build.0 = Debug|Any CPU
		{650C14BB-D0C2-4FF0-B087-4D5317DD09FF}.Debug|x64.ActiveCfg = Debug|Any CPU
		{650C14BB-D0C2-4FF0-B087-4D5317DD09FF}.Debug|x64.Build.0 = Debug|Any CPU
		{650C14BB-D0C2-4FF0-B087-4D5317DD09FF}.Debug|x86.ActiveCfg = Debug|Any CPU
		{650C14BB-D0C2-4FF0-B087-4D5317DD09FF}.Debug|x86.Build.0 = Debug|Any CPU
		{650C14BB-D0C2-4FF0-B087-4D5317DD09FF}.Release|Any CPU.ActiveCfg = Release|Any CPU
		{650C14BB-D0C2-4FF0-B087-4D5317DD09FF}.Release|Any CPU.Build.0 = Release|Any CPU
		{650C14BB-D0C2-4FF0-B087-4D5317DD09FF}.Release|x64.ActiveCfg = Release|Any CPU
		{650C14BB-D0C2-4FF0-B087-4D5317DD09FF}.Release|x64.Build.0 = Release|Any CPU
		{650C14BB-D0C2-4FF0-B087-4D5317DD09FF}.Release|x86.ActiveCfg = Release|Any CPU
		{650C14BB-D0C2-4FF0-B087-4D5317DD09FF}.Release|x86.Build.0 = Release|Any CPU
		{1B23BCF8-A8DF-4D44-B53C-93A6DA015008}.Debug|Any CPU.ActiveCfg = Debug|Any CPU
		{1B23BCF8-A8DF-4D44-B53C-93A6DA015008}.Debug|Any CPU.Build.0 = Debug|Any CPU
		{1B23BCF8-A8DF-4D44-B53C-93A6DA015008}.Debug|x64.ActiveCfg = Debug|Any CPU
		{1B23BCF8-A8DF-4D44-B53C-93A6DA015008}.Debug|x64.Build.0 = Debug|Any CPU
		{1B23BCF8-A8DF-4D44-B53C-93A6DA015008}.Debug|x86.ActiveCfg = Debug|Any CPU
		{1B23BCF8-A8DF-4D44-B53C-93A6DA015008}.Debug|x86.Build.0 = Debug|Any CPU
		{1B23BCF8-A8DF-4D44-B53C-93A6DA015008}.Release|Any CPU.ActiveCfg = Release|Any CPU
		{1B23BCF8-A8DF-4D44-B53C-93A6DA015008}.Release|Any CPU.Build.0 = Release|Any CPU
		{1B23BCF8-A8DF-4D44-B53C-93A6DA015008}.Release|x64.ActiveCfg = Release|Any CPU
		{1B23BCF8-A8DF-4D44-B53C-93A6DA015008}.Release|x64.Build.0 = Release|Any CPU
		{1B23BCF8-A8DF-4D44-B53C-93A6DA015008}.Release|x86.ActiveCfg = Release|Any CPU
		{1B23BCF8-A8DF-4D44-B53C-93A6DA015008}.Release|x86.Build.0 = Release|Any CPU
		{D8548CC2-5DA8-4745-96A4-BE48F41AF801}.Debug|Any CPU.ActiveCfg = Debug|Any CPU
		{D8548CC2-5DA8-4745-96A4-BE48F41AF801}.Debug|Any CPU.Build.0 = Debug|Any CPU
		{D8548CC2-5DA8-4745-96A4-BE48F41AF801}.Debug|x64.ActiveCfg = Debug|Any CPU
		{D8548CC2-5DA8-4745-96A4-BE48F41AF801}.Debug|x64.Build.0 = Debug|Any CPU
		{D8548CC2-5DA8-4745-96A4-BE48F41AF801}.Debug|x86.ActiveCfg = Debug|Any CPU
		{D8548CC2-5DA8-4745-96A4-BE48F41AF801}.Debug|x86.Build.0 = Debug|Any CPU
		{D8548CC2-5DA8-4745-96A4-BE48F41AF801}.Release|Any CPU.ActiveCfg = Release|Any CPU
		{D8548CC2-5DA8-4745-96A4-BE48F41AF801}.Release|Any CPU.Build.0 = Release|Any CPU
		{D8548CC2-5DA8-4745-96A4-BE48F41AF801}.Release|x64.ActiveCfg = Release|Any CPU
		{D8548CC2-5DA8-4745-96A4-BE48F41AF801}.Release|x64.Build.0 = Release|Any CPU
		{D8548CC2-5DA8-4745-96A4-BE48F41AF801}.Release|x86.ActiveCfg = Release|Any CPU
		{D8548CC2-5DA8-4745-96A4-BE48F41AF801}.Release|x86.Build.0 = Release|Any CPU
		{E1F2A3B4-C5D6-7E8F-9A0B-C1D2E3F4A5B6}.Debug|Any CPU.ActiveCfg = Debug|Any CPU
		{E1F2A3B4-C5D6-7E8F-9A0B-C1D2E3F4A5B6}.Debug|Any CPU.Build.0 = Debug|Any CPU
		{E1F2A3B4-C5D6-7E8F-9A0B-C1D2E3F4A5B6}.Debug|x64.ActiveCfg = Debug|Any CPU
		{E1F2A3B4-C5D6-7E8F-9A0B-C1D2E3F4A5B6}.Debug|x64.Build.0 = Debug|Any CPU
		{E1F2A3B4-C5D6-7E8F-9A0B-C1D2E3F4A5B6}.Debug|x86.ActiveCfg = Debug|Any CPU
		{E1F2A3B4-C5D6-7E8F-9A0B-C1D2E3F4A5B6}.Debug|x86.Build.0 = Debug|Any CPU
		{E1F2A3B4-C5D6-7E8F-9A0B-C1D2E3F4A5B6}.Release|Any CPU.ActiveCfg = Release|Any CPU
		{E1F2A3B4-C5D6-7E8F-9A0B-C1D2E3F4A5B6}.Release|Any CPU.Build.0 = Release|Any CPU
		{E1F2A3B4-C5D6-7E8F-9A0B-C1D2E3F4A5B6}.Release|x64.ActiveCfg = Release|Any CPU
		{E1F2A3B4-C5D6-7E8F-9A0B-C1D2E3F4A5B6}.Release|x64.Build.0 = Release|Any CPU
		{E1F2A3B4-C5D6-7E8F-9A0B-C1D2E3F4A5B6}.Release|x86.ActiveCfg = Release|Any CPU
		{E1F2A3B4-C5D6-7E8F-9A0B-C1D2E3F4A5B6}.Release|x86.Build.0 = Release|Any CPU
		{F2A3B4C5-D6E7-8F9A-0B1C-2D3E4F5A6B7C}.Debug|Any CPU.ActiveCfg = Debug|Any CPU
		{F2A3B4C5-D6E7-8F9A-0B1C-2D3E4F5A6B7C}.Debug|Any CPU.Build.0 = Debug|Any CPU
		{F2A3B4C5-D6E7-8F9A-0B1C-2D3E4F5A6B7C}.Debug|x64.ActiveCfg = Debug|Any CPU
		{F2A3B4C5-D6E7-8F9A-0B1C-2D3E4F5A6B7C}.Debug|x64.Build.0 = Debug|Any CPU
		{F2A3B4C5-D6E7-8F9A-0B1C-2D3E4F5A6B7C}.Debug|x86.ActiveCfg = Debug|Any CPU
		{F2A3B4C5-D6E7-8F9A-0B1C-2D3E4F5A6B7C}.Debug|x86.Build.0 = Debug|Any CPU
		{F2A3B4C5-D6E7-8F9A-0B1C-2D3E4F5A6B7C}.Release|Any CPU.ActiveCfg = Release|Any CPU
		{F2A3B4C5-D6E7-8F9A-0B1C-2D3E4F5A6B7C}.Release|Any CPU.Build.0 = Release|Any CPU
		{F2A3B4C5-D6E7-8F9A-0B1C-2D3E4F5A6B7C}.Release|x64.ActiveCfg = Release|Any CPU
		{F2A3B4C5-D6E7-8F9A-0B1C-2D3E4F5A6B7C}.Release|x64.Build.0 = Release|Any CPU
		{F2A3B4C5-D6E7-8F9A-0B1C-2D3E4F5A6B7C}.Release|x86.ActiveCfg = Release|Any CPU
		{F2A3B4C5-D6E7-8F9A-0B1C-2D3E4F5A6B7C}.Release|x86.Build.0 = Release|Any CPU
		{A3B4C5D6-E7F8-9A0B-1C2D-3E4F5A6B7C8D}.Debug|Any CPU.ActiveCfg = Debug|Any CPU
		{A3B4C5D6-E7F8-9A0B-1C2D-3E4F5A6B7C8D}.Debug|Any CPU.Build.0 = Debug|Any CPU
		{A3B4C5D6-E7F8-9A0B-1C2D-3E4F5A6B7C8D}.Debug|x64.ActiveCfg = Debug|Any CPU
		{A3B4C5D6-E7F8-9A0B-1C2D-3E4F5A6B7C8D}.Debug|x64.Build.0 = Debug|Any CPU
		{A3B4C5D6-E7F8-9A0B-1C2D-3E4F5A6B7C8D}.Debug|x86.ActiveCfg = Debug|Any CPU
		{A3B4C5D6-E7F8-9A0B-1C2D-3E4F5A6B7C8D}.Debug|x86.Build.0 = Debug|Any CPU
		{A3B4C5D6-E7F8-9A0B-1C2D-3E4F5A6B7C8D}.Release|Any CPU.ActiveCfg = Release|Any CPU
		{A3B4C5D6-E7F8-9A0B-1C2D-3E4F5A6B7C8D}.Release|Any CPU.Build.0 = Release|Any CPU
		{A3B4C5D6-E7F8-9A0B-1C2D-3E4F5A6B7C8D}.Release|x64.ActiveCfg = Release|Any CPU
		{A3B4C5D6-E7F8-9A0B-1C2D-3E4F5A6B7C8D}.Release|x64.Build.0 = Release|Any CPU
		{A3B4C5D6-E7F8-9A0B-1C2D-3E4F5A6B7C8D}.Release|x86.ActiveCfg = Release|Any CPU
		{A3B4C5D6-E7F8-9A0B-1C2D-3E4F5A6B7C8D}.Release|x86.Build.0 = Release|Any CPU
		{B4C5D6E7-F8A9-0B1C-2D3E-4F5A6B7C8D9E}.Debug|Any CPU.ActiveCfg = Debug|Any CPU
		{B4C5D6E7-F8A9-0B1C-2D3E-4F5A6B7C8D9E}.Debug|Any CPU.Build.0 = Debug|Any CPU
		{B4C5D6E7-F8A9-0B1C-2D3E-4F5A6B7C8D9E}.Debug|x64.ActiveCfg = Debug|Any CPU
		{B4C5D6E7-F8A9-0B1C-2D3E-4F5A6B7C8D9E}.Debug|x64.Build.0 = Debug|Any CPU
		{B4C5D6E7-F8A9-0B1C-2D3E-4F5A6B7C8D9E}.Debug|x86.ActiveCfg = Debug|Any CPU
		{B4C5D6E7-F8A9-0B1C-2D3E-4F5A6B7C8D9E}.Debug|x86.Build.0 = Debug|Any CPU
		{B4C5D6E7-F8A9-0B1C-2D3E-4F5A6B7C8D9E}.Release|Any CPU.ActiveCfg = Release|Any CPU
		{B4C5D6E7-F8A9-0B1C-2D3E-4F5A6B7C8D9E}.Release|Any CPU.Build.0 = Release|Any CPU
		{B4C5D6E7-F8A9-0B1C-2D3E-4F5A6B7C8D9E}.Release|x64.ActiveCfg = Release|Any CPU
		{B4C5D6E7-F8A9-0B1C-2D3E-4F5A6B7C8D9E}.Release|x64.Build.0 = Release|Any CPU
		{B4C5D6E7-F8A9-0B1C-2D3E-4F5A6B7C8D9E}.Release|x86.ActiveCfg = Release|Any CPU
		{B4C5D6E7-F8A9-0B1C-2D3E-4F5A6B7C8D9E}.Release|x86.Build.0 = Release|Any CPU
		{2E9DD692-646F-4619-916D-9CDEF15E00FC}.Debug|Any CPU.ActiveCfg = Debug|Any CPU
		{2E9DD692-646F-4619-916D-9CDEF15E00FC}.Debug|Any CPU.Build.0 = Debug|Any CPU
		{2E9DD692-646F-4619-916D-9CDEF15E00FC}.Debug|x64.ActiveCfg = Debug|Any CPU
		{2E9DD692-646F-4619-916D-9CDEF15E00FC}.Debug|x64.Build.0 = Debug|Any CPU
		{2E9DD692-646F-4619-916D-9CDEF15E00FC}.Debug|x86.ActiveCfg = Debug|Any CPU
		{2E9DD692-646F-4619-916D-9CDEF15E00FC}.Debug|x86.Build.0 = Debug|Any CPU
		{2E9DD692-646F-4619-916D-9CDEF15E00FC}.Release|Any CPU.ActiveCfg = Release|Any CPU
		{2E9DD692-646F-4619-916D-9CDEF15E00FC}.Release|Any CPU.Build.0 = Release|Any CPU
		{2E9DD692-646F-4619-916D-9CDEF15E00FC}.Release|x64.ActiveCfg = Release|Any CPU
		{2E9DD692-646F-4619-916D-9CDEF15E00FC}.Release|x64.Build.0 = Release|Any CPU
		{2E9DD692-646F-4619-916D-9CDEF15E00FC}.Release|x86.ActiveCfg = Release|Any CPU
		{2E9DD692-646F-4619-916D-9CDEF15E00FC}.Release|x86.Build.0 = Release|Any CPU
		{CD2B4311-EA90-4C63-A089-84EF6D76FC72}.Debug|Any CPU.ActiveCfg = Debug|Any CPU
		{CD2B4311-EA90-4C63-A089-84EF6D76FC72}.Debug|Any CPU.Build.0 = Debug|Any CPU
		{CD2B4311-EA90-4C63-A089-84EF6D76FC72}.Debug|x64.ActiveCfg = Debug|Any CPU
		{CD2B4311-EA90-4C63-A089-84EF6D76FC72}.Debug|x64.Build.0 = Debug|Any CPU
		{CD2B4311-EA90-4C63-A089-84EF6D76FC72}.Debug|x86.ActiveCfg = Debug|Any CPU
		{CD2B4311-EA90-4C63-A089-84EF6D76FC72}.Debug|x86.Build.0 = Debug|Any CPU
		{CD2B4311-EA90-4C63-A089-84EF6D76FC72}.Release|Any CPU.ActiveCfg = Release|Any CPU
		{CD2B4311-EA90-4C63-A089-84EF6D76FC72}.Release|Any CPU.Build.0 = Release|Any CPU
		{CD2B4311-EA90-4C63-A089-84EF6D76FC72}.Release|x64.ActiveCfg = Release|Any CPU
		{CD2B4311-EA90-4C63-A089-84EF6D76FC72}.Release|x64.Build.0 = Release|Any CPU
		{CD2B4311-EA90-4C63-A089-84EF6D76FC72}.Release|x86.ActiveCfg = Release|Any CPU
		{CD2B4311-EA90-4C63-A089-84EF6D76FC72}.Release|x86.Build.0 = Release|Any CPU
		{4F605758-A30C-4788-9D45-C319EE533118}.Debug|Any CPU.ActiveCfg = Debug|Any CPU
		{4F605758-A30C-4788-9D45-C319EE533118}.Debug|Any CPU.Build.0 = Debug|Any CPU
		{4F605758-A30C-4788-9D45-C319EE533118}.Debug|x64.ActiveCfg = Debug|Any CPU
		{4F605758-A30C-4788-9D45-C319EE533118}.Debug|x64.Build.0 = Debug|Any CPU
		{4F605758-A30C-4788-9D45-C319EE533118}.Debug|x86.ActiveCfg = Debug|Any CPU
		{4F605758-A30C-4788-9D45-C319EE533118}.Debug|x86.Build.0 = Debug|Any CPU
		{4F605758-A30C-4788-9D45-C319EE533118}.Release|Any CPU.ActiveCfg = Release|Any CPU
		{4F605758-A30C-4788-9D45-C319EE533118}.Release|Any CPU.Build.0 = Release|Any CPU
		{4F605758-A30C-4788-9D45-C319EE533118}.Release|x64.ActiveCfg = Release|Any CPU
		{4F605758-A30C-4788-9D45-C319EE533118}.Release|x64.Build.0 = Release|Any CPU
		{4F605758-A30C-4788-9D45-C319EE533118}.Release|x86.ActiveCfg = Release|Any CPU
		{4F605758-A30C-4788-9D45-C319EE533118}.Release|x86.Build.0 = Release|Any CPU
		{5960CB5E-1A66-4436-9DA4-8F0BD1FC0B25}.Debug|Any CPU.ActiveCfg = Debug|Any CPU
		{5960CB5E-1A66-4436-9DA4-8F0BD1FC0B25}.Debug|Any CPU.Build.0 = Debug|Any CPU
		{5960CB5E-1A66-4436-9DA4-8F0BD1FC0B25}.Debug|x64.ActiveCfg = Debug|Any CPU
		{5960CB5E-1A66-4436-9DA4-8F0BD1FC0B25}.Debug|x64.Build.0 = Debug|Any CPU
		{5960CB5E-1A66-4436-9DA4-8F0BD1FC0B25}.Debug|x86.ActiveCfg = Debug|Any CPU
		{5960CB5E-1A66-4436-9DA4-8F0BD1FC0B25}.Debug|x86.Build.0 = Debug|Any CPU
		{5960CB5E-1A66-4436-9DA4-8F0BD1FC0B25}.Release|Any CPU.ActiveCfg = Release|Any CPU
		{5960CB5E-1A66-4436-9DA4-8F0BD1FC0B25}.Release|Any CPU.Build.0 = Release|Any CPU
		{5960CB5E-1A66-4436-9DA4-8F0BD1FC0B25}.Release|x64.ActiveCfg = Release|Any CPU
		{5960CB5E-1A66-4436-9DA4-8F0BD1FC0B25}.Release|x64.Build.0 = Release|Any CPU
		{5960CB5E-1A66-4436-9DA4-8F0BD1FC0B25}.Release|x86.ActiveCfg = Release|Any CPU
		{5960CB5E-1A66-4436-9DA4-8F0BD1FC0B25}.Release|x86.Build.0 = Release|Any CPU
		{8A0698E2-1F91-4F8E-9862-7027E867729F}.Debug|Any CPU.ActiveCfg = Debug|Any CPU
		{8A0698E2-1F91-4F8E-9862-7027E867729F}.Debug|Any CPU.Build.0 = Debug|Any CPU
		{8A0698E2-1F91-4F8E-9862-7027E867729F}.Debug|x64.ActiveCfg = Debug|Any CPU
		{8A0698E2-1F91-4F8E-9862-7027E867729F}.Debug|x64.Build.0 = Debug|Any CPU
		{8A0698E2-1F91-4F8E-9862-7027E867729F}.Debug|x86.ActiveCfg = Debug|Any CPU
		{8A0698E2-1F91-4F8E-9862-7027E867729F}.Debug|x86.Build.0 = Debug|Any CPU
		{8A0698E2-1F91-4F8E-9862-7027E867729F}.Release|Any CPU.ActiveCfg = Release|Any CPU
		{8A0698E2-1F91-4F8E-9862-7027E867729F}.Release|Any CPU.Build.0 = Release|Any CPU
		{8A0698E2-1F91-4F8E-9862-7027E867729F}.Release|x64.ActiveCfg = Release|Any CPU
		{8A0698E2-1F91-4F8E-9862-7027E867729F}.Release|x64.Build.0 = Release|Any CPU
		{8A0698E2-1F91-4F8E-9862-7027E867729F}.Release|x86.ActiveCfg = Release|Any CPU
		{8A0698E2-1F91-4F8E-9862-7027E867729F}.Release|x86.Build.0 = Release|Any CPU
		{16B9FE33-21A8-4E21-83DB-4D3C8324A50D}.Debug|Any CPU.ActiveCfg = Debug|Any CPU
		{16B9FE33-21A8-4E21-83DB-4D3C8324A50D}.Debug|Any CPU.Build.0 = Debug|Any CPU
		{16B9FE33-21A8-4E21-83DB-4D3C8324A50D}.Debug|x64.ActiveCfg = Debug|Any CPU
		{16B9FE33-21A8-4E21-83DB-4D3C8324A50D}.Debug|x64.Build.0 = Debug|Any CPU
		{16B9FE33-21A8-4E21-83DB-4D3C8324A50D}.Debug|x86.ActiveCfg = Debug|Any CPU
		{16B9FE33-21A8-4E21-83DB-4D3C8324A50D}.Debug|x86.Build.0 = Debug|Any CPU
		{16B9FE33-21A8-4E21-83DB-4D3C8324A50D}.Release|Any CPU.ActiveCfg = Release|Any CPU
		{16B9FE33-21A8-4E21-83DB-4D3C8324A50D}.Release|Any CPU.Build.0 = Release|Any CPU
		{16B9FE33-21A8-4E21-83DB-4D3C8324A50D}.Release|x64.ActiveCfg = Release|Any CPU
		{16B9FE33-21A8-4E21-83DB-4D3C8324A50D}.Release|x64.Build.0 = Release|Any CPU
		{16B9FE33-21A8-4E21-83DB-4D3C8324A50D}.Release|x86.ActiveCfg = Release|Any CPU
		{16B9FE33-21A8-4E21-83DB-4D3C8324A50D}.Release|x86.Build.0 = Release|Any CPU
		{31B9CF52-99CF-4B34-975C-FFD8ABF65D07}.Debug|Any CPU.ActiveCfg = Debug|Any CPU
		{31B9CF52-99CF-4B34-975C-FFD8ABF65D07}.Debug|Any CPU.Build.0 = Debug|Any CPU
		{31B9CF52-99CF-4B34-975C-FFD8ABF65D07}.Debug|x64.ActiveCfg = Debug|Any CPU
		{31B9CF52-99CF-4B34-975C-FFD8ABF65D07}.Debug|x64.Build.0 = Debug|Any CPU
		{31B9CF52-99CF-4B34-975C-FFD8ABF65D07}.Debug|x86.ActiveCfg = Debug|Any CPU
		{31B9CF52-99CF-4B34-975C-FFD8ABF65D07}.Debug|x86.Build.0 = Debug|Any CPU
		{31B9CF52-99CF-4B34-975C-FFD8ABF65D07}.Release|Any CPU.ActiveCfg = Release|Any CPU
		{31B9CF52-99CF-4B34-975C-FFD8ABF65D07}.Release|Any CPU.Build.0 = Release|Any CPU
		{31B9CF52-99CF-4B34-975C-FFD8ABF65D07}.Release|x64.ActiveCfg = Release|Any CPU
		{31B9CF52-99CF-4B34-975C-FFD8ABF65D07}.Release|x64.Build.0 = Release|Any CPU
		{31B9CF52-99CF-4B34-975C-FFD8ABF65D07}.Release|x86.ActiveCfg = Release|Any CPU
		{31B9CF52-99CF-4B34-975C-FFD8ABF65D07}.Release|x86.Build.0 = Release|Any CPU
		{02C4EF15-5FD3-4111-9D03-C3990CBE51FD}.Debug|Any CPU.ActiveCfg = Debug|Any CPU
		{02C4EF15-5FD3-4111-9D03-C3990CBE51FD}.Debug|Any CPU.Build.0 = Debug|Any CPU
		{02C4EF15-5FD3-4111-9D03-C3990CBE51FD}.Debug|x64.ActiveCfg = Debug|Any CPU
		{02C4EF15-5FD3-4111-9D03-C3990CBE51FD}.Debug|x64.Build.0 = Debug|Any CPU
		{02C4EF15-5FD3-4111-9D03-C3990CBE51FD}.Debug|x86.ActiveCfg = Debug|Any CPU
		{02C4EF15-5FD3-4111-9D03-C3990CBE51FD}.Debug|x86.Build.0 = Debug|Any CPU
		{02C4EF15-5FD3-4111-9D03-C3990CBE51FD}.Release|Any CPU.ActiveCfg = Release|Any CPU
		{02C4EF15-5FD3-4111-9D03-C3990CBE51FD}.Release|Any CPU.Build.0 = Release|Any CPU
		{02C4EF15-5FD3-4111-9D03-C3990CBE51FD}.Release|x64.ActiveCfg = Release|Any CPU
		{02C4EF15-5FD3-4111-9D03-C3990CBE51FD}.Release|x64.Build.0 = Release|Any CPU
		{02C4EF15-5FD3-4111-9D03-C3990CBE51FD}.Release|x86.ActiveCfg = Release|Any CPU
		{02C4EF15-5FD3-4111-9D03-C3990CBE51FD}.Release|x86.Build.0 = Release|Any CPU
		{1799F286-4710-4D4C-9E2E-5705C864472A}.Debug|Any CPU.ActiveCfg = Debug|Any CPU
		{1799F286-4710-4D4C-9E2E-5705C864472A}.Debug|Any CPU.Build.0 = Debug|Any CPU
		{1799F286-4710-4D4C-9E2E-5705C864472A}.Debug|x64.ActiveCfg = Debug|Any CPU
		{1799F286-4710-4D4C-9E2E-5705C864472A}.Debug|x64.Build.0 = Debug|Any CPU
		{1799F286-4710-4D4C-9E2E-5705C864472A}.Debug|x86.ActiveCfg = Debug|Any CPU
		{1799F286-4710-4D4C-9E2E-5705C864472A}.Debug|x86.Build.0 = Debug|Any CPU
		{1799F286-4710-4D4C-9E2E-5705C864472A}.Release|Any CPU.ActiveCfg = Release|Any CPU
		{1799F286-4710-4D4C-9E2E-5705C864472A}.Release|Any CPU.Build.0 = Release|Any CPU
		{1799F286-4710-4D4C-9E2E-5705C864472A}.Release|x64.ActiveCfg = Release|Any CPU
		{1799F286-4710-4D4C-9E2E-5705C864472A}.Release|x64.Build.0 = Release|Any CPU
		{1799F286-4710-4D4C-9E2E-5705C864472A}.Release|x86.ActiveCfg = Release|Any CPU
		{1799F286-4710-4D4C-9E2E-5705C864472A}.Release|x86.Build.0 = Release|Any CPU
		{5F2E513F-03D6-4682-BF48-30F4757EDE09}.Debug|Any CPU.ActiveCfg = Debug|Any CPU
		{5F2E513F-03D6-4682-BF48-30F4757EDE09}.Debug|Any CPU.Build.0 = Debug|Any CPU
		{5F2E513F-03D6-4682-BF48-30F4757EDE09}.Debug|x64.ActiveCfg = Debug|Any CPU
		{5F2E513F-03D6-4682-BF48-30F4757EDE09}.Debug|x64.Build.0 = Debug|Any CPU
		{5F2E513F-03D6-4682-BF48-30F4757EDE09}.Debug|x86.ActiveCfg = Debug|Any CPU
		{5F2E513F-03D6-4682-BF48-30F4757EDE09}.Debug|x86.Build.0 = Debug|Any CPU
		{5F2E513F-03D6-4682-BF48-30F4757EDE09}.Release|Any CPU.ActiveCfg = Release|Any CPU
		{5F2E513F-03D6-4682-BF48-30F4757EDE09}.Release|Any CPU.Build.0 = Release|Any CPU
		{5F2E513F-03D6-4682-BF48-30F4757EDE09}.Release|x64.ActiveCfg = Release|Any CPU
		{5F2E513F-03D6-4682-BF48-30F4757EDE09}.Release|x64.Build.0 = Release|Any CPU
		{5F2E513F-03D6-4682-BF48-30F4757EDE09}.Release|x86.ActiveCfg = Release|Any CPU
		{5F2E513F-03D6-4682-BF48-30F4757EDE09}.Release|x86.Build.0 = Release|Any CPU
	EndGlobalSection
	GlobalSection(SolutionProperties) = preSolution
		HideSolutionNode = FALSE
	EndGlobalSection
	GlobalSection(NestedProjects) = preSolution
		{9CD9C3AA-9D4B-41E4-8BC4-20D68BFD41B1} = {0AB3BF05-4346-4AA6-1389-037BE0695223}
		{5F677640-BD45-4A4B-9D6E-B83498EA921A} = {0AB3BF05-4346-4AA6-1389-037BE0695223}
		{CF7D2F78-396B-46A2-B744-F858F93E08F2} = {827E0CD3-B72D-47B6-A68D-7590B98EB39B}
		{D379CF3A-8937-418A-819B-814B8209FCFB} = {827E0CD3-B72D-47B6-A68D-7590B98EB39B}
		{49233A00-FE66-4164-BED0-7356B601F384} = {0AB3BF05-4346-4AA6-1389-037BE0695223}
		{704D6FA1-C5B3-47B1-AE02-2F19A8D1ACC1} = {0AB3BF05-4346-4AA6-1389-037BE0695223}
		{F224DBF6-03A5-47A1-85DE-EACCA85965E3} = {0AB3BF05-4346-4AA6-1389-037BE0695223}
		{9F6045CA-CF2B-4192-912D-2B8A7A5107C9} = {0AB3BF05-4346-4AA6-1389-037BE0695223}
		{A1CA3C68-0029-4E73-93C8-7A6FABA3822A} = {827E0CD3-B72D-47B6-A68D-7590B98EB39B}
		{650C14BB-D0C2-4FF0-B087-4D5317DD09FF} = {827E0CD3-B72D-47B6-A68D-7590B98EB39B}
		{1B23BCF8-A8DF-4D44-B53C-93A6DA015008} = {0AB3BF05-4346-4AA6-1389-037BE0695223}
		{D8548CC2-5DA8-4745-96A4-BE48F41AF801} = {0AB3BF05-4346-4AA6-1389-037BE0695223}
		{E1F2A3B4-C5D6-7E8F-9A0B-C1D2E3F4A5B6} = {827E0CD3-B72D-47B6-A68D-7590B98EB39B}
		{F2A3B4C5-D6E7-8F9A-0B1C-2D3E4F5A6B7C} = {827E0CD3-B72D-47B6-A68D-7590B98EB39B}
		{A3B4C5D6-E7F8-9A0B-1C2D-3E4F5A6B7C8D} = {0AB3BF05-4346-4AA6-1389-037BE0695223}
		{B4C5D6E7-F8A9-0B1C-2D3E-4F5A6B7C8D9E} = {0AB3BF05-4346-4AA6-1389-037BE0695223}
		{2E9DD692-646F-4619-916D-9CDEF15E00FC} = {0AB3BF05-4346-4AA6-1389-037BE0695223}
		{CD2B4311-EA90-4C63-A089-84EF6D76FC72} = {827E0CD3-B72D-47B6-A68D-7590B98EB39B}
		{4F605758-A30C-4788-9D45-C319EE533118} = {827E0CD3-B72D-47B6-A68D-7590B98EB39B}
		{5960CB5E-1A66-4436-9DA4-8F0BD1FC0B25} = {0AB3BF05-4346-4AA6-1389-037BE0695223}
		{8A0698E2-1F91-4F8E-9862-7027E867729F} = {827E0CD3-B72D-47B6-A68D-7590B98EB39B}
		{16B9FE33-21A8-4E21-83DB-4D3C8324A50D} = {0AB3BF05-4346-4AA6-1389-037BE0695223}
		{31B9CF52-99CF-4B34-975C-FFD8ABF65D07} = {827E0CD3-B72D-47B6-A68D-7590B98EB39B}
		{02C4EF15-5FD3-4111-9D03-C3990CBE51FD} = {0AB3BF05-4346-4AA6-1389-037BE0695223}
		{1799F286-4710-4D4C-9E2E-5705C864472A} = {827E0CD3-B72D-47B6-A68D-7590B98EB39B}
		{5F2E513F-03D6-4682-BF48-30F4757EDE09} = {0AB3BF05-4346-4AA6-1389-037BE0695223}
	EndGlobalSection
EndGlobal
